
Microsoft Visual Studio Solution File, Format Version 11.00
# Visual Studio 2010
Project("{FAE04EC0-301F-11D3-BF4B-00C04F79EFBC}") = "RunningfromCertainDeath", "RunningfromCertainDeath\RunningfromCertainDeath\RunningfromCertainDeath.csproj", "{FF745EF0-A253-42F1-9A5B-9CD058042CC7}"
EndProject
Project("{96E2B04D-8817-42C6-938A-82C39BA4D311}") = "RunningfromCertainDeathContent", "RunningfromCertainDeath\RunningfromCertainDeathContent\RunningfromCertainDeathContent.contentproj", "{4AD2029F-BC6A-42A6-B023-D7ABF3669126}"
EndProject
Global
	GlobalSection(SolutionConfigurationPlatforms) = preSolution
		Debug|x86 = Debug|x86
		Release|x86 = Release|x86
	EndGlobalSection
	GlobalSection(ProjectConfigurationPlatforms) = postSolution
		{FF745EF0-A253-42F1-9A5B-9CD058042CC7}.Debug|x86.ActiveCfg = Debug|x86
		{FF745EF0-A253-42F1-9A5B-9CD058042CC7}.Debug|x86.Build.0 = Debug|x86
		{FF745EF0-A253-42F1-9A5B-9CD058042CC7}.Release|x86.ActiveCfg = Release|x86
		{FF745EF0-A253-42F1-9A5B-9CD058042CC7}.Release|x86.Build.0 = Release|x86
		{4AD2029F-BC6A-42A6-B023-D7ABF3669126}.Debug|x86.ActiveCfg = Debug|x86
		{4AD2029F-BC6A-42A6-B023-D7ABF3669126}.Release|x86.ActiveCfg = Release|x86
	EndGlobalSection
	GlobalSection(SolutionProperties) = preSolution
		HideSolutionNode = FALSE
	EndGlobalSection
EndGlobal
